
Microsoft Visual Studio Solution File, Format Version 12.00
# Visual Studio Version 17
VisualStudioVersion = 17.0.31512.422
MinimumVisualStudioVersion = 10.0.40219.1
Project("{FAE04EC0-301F-11D3-BF4B-00C04F79EFBC}") = "FirstAttempt", "FirstAttempt.csproj", "{6EFFD54B-B2BA-418F-88AB-03503444F244}"
EndProject
Global
	GlobalSection(SolutionConfigurationPlatforms) = preSolution
		Debug|Any CPU = Debug|Any CPU
		Release|Any CPU = Release|Any CPU
	EndGlobalSection
	GlobalSection(ProjectConfigurationPlatforms) = postSolution
		{6EFFD54B-B2BA-418F-88AB-03503444F244}.Debug|Any CPU.ActiveCfg = Debug|Any CPU
		{6EFFD54B-B2BA-418F-88AB-03503444F244}.Debug|Any CPU.Build.0 = Debug|Any CPU
		{6EFFD54B-B2BA-418F-88AB-03503444F244}.Release|Any CPU.ActiveCfg = Release|Any CPU
		{6EFFD54B-B2BA-418F-88AB-03503444F244}.Release|Any CPU.Build.0 = Release|Any CPU
	EndGlobalSection
	GlobalSection(SolutionProperties) = preSolution
		HideSolutionNode = FALSE
	EndGlobalSection
	GlobalSection(ExtensibilityGlobals) = postSolution
		SolutionGuid = {8EAA125A-BDFD-41F5-9B25-13566FE434BF}
	EndGlobalSection
EndGlobal
